
Microsoft Visual Studio Solution File, Format Version 12.00
# Visual Studio 15
Project("{FAE04EC0-301F-11D3-BF4B-00C04F79EFBC}") = "Assembly-CSharp", "Assembly-CSharp.csproj", "{44428B31-5CC8-7DE6-C446-7C65CBFF7896}"
EndProject
Project("{FAE04EC0-301F-11D3-BF4B-00C04F79EFBC}") = "Assembly-CSharp-Editor", "Assembly-CSharp-Editor.csproj", "{9753E939-5A24-4544-14F9-2D7B5B154FBC}"
EndProject
Global
	GlobalSection(SolutionConfigurationPlatforms) = preSolution
		Debug|Any CPU = Debug|Any CPU
		Release|Any CPU = Release|Any CPU
	EndGlobalSection
	GlobalSection(ProjectConfigurationPlatforms) = postSolution
		{44428B31-5CC8-7DE6-C446-7C65CBFF7896}.Debug|Any CPU.ActiveCfg = Debug|Any CPU
		{44428B31-5CC8-7DE6-C446-7C65CBFF7896}.Debug|Any CPU.Build.0 = Debug|Any CPU
		{44428B31-5CC8-7DE6-C446-7C65CBFF7896}.Release|Any CPU.ActiveCfg = Release|Any CPU
		{44428B31-5CC8-7DE6-C446-7C65CBFF7896}.Release|Any CPU.Build.0 = Release|Any CPU
		{9753E939-5A24-4544-14F9-2D7B5B154FBC}.Debug|Any CPU.ActiveCfg = Debug|Any CPU
		{9753E939-5A24-4544-14F9-2D7B5B154FBC}.Debug|Any CPU.Build.0 = Debug|Any CPU
		{9753E939-5A24-4544-14F9-2D7B5B154FBC}.Release|Any CPU.ActiveCfg = Release|Any CPU
		{9753E939-5A24-4544-14F9-2D7B5B154FBC}.Release|Any CPU.Build.0 = Release|Any CPU
	EndGlobalSection
	GlobalSection(SolutionProperties) = preSolution
		HideSolutionNode = FALSE
	EndGlobalSection
EndGlobal
